// !$*UTF8*$!
{
	archiveVersion = 1;
	classes = {
	};
	objectVersion = 46;
	objects = {

/* Begin PBXBuildFile section */
		423FCE7798AC68E4B954C4A8 /* Pods_DishwasherSearchTests.framework in Frameworks */ = {isa = PBXBuildFile; fileRef = 6CEBB8BC9E191F5028589273 /* Pods_DishwasherSearchTests.framework */; };
		C503A0D51EBCBD020068952E /* ReachabilityStatus.swift in Sources */ = {isa = PBXBuildFile; fileRef = C503A0D41EBCBD020068952E /* ReachabilityStatus.swift */; };
		C503A0D81EBCBE6F0068952E /* Float+price.swift in Sources */ = {isa = PBXBuildFile; fileRef = C503A0D71EBCBE6F0068952E /* Float+price.swift */; };
		C503A0DA1EBCD10C0068952E /* ProductGridDataSource.swift in Sources */ = {isa = PBXBuildFile; fileRef = C503A0D91EBCD10C0068952E /* ProductGridDataSource.swift */; };
		C503A0DC1EC1DD470068952E /* ProductHandler.swift in Sources */ = {isa = PBXBuildFile; fileRef = C503A0DB1EC1DD470068952E /* ProductHandler.swift */; };
		C503A0DD1EC1DE520068952E /* ProductGridDataSource.swift in Sources */ = {isa = PBXBuildFile; fileRef = C503A0D91EBCD10C0068952E /* ProductGridDataSource.swift */; };
		C503A0DE1EC1DE5D0068952E /* Product.swift in Sources */ = {isa = PBXBuildFile; fileRef = C53F9E361E5EC55200433AC4 /* Product.swift */; };
		C503A0DF1EC1DE5F0068952E /* ProductHandler.swift in Sources */ = {isa = PBXBuildFile; fileRef = C503A0DB1EC1DD470068952E /* ProductHandler.swift */; };
		C503A0E01EC1DEE30068952E /* ProductGridCollectionViewCell.swift in Sources */ = {isa = PBXBuildFile; fileRef = C53F9E391E5EC75800433AC4 /* ProductGridCollectionViewCell.swift */; };
		C503A0E11EC1DEF90068952E /* ReachabilityStatus.swift in Sources */ = {isa = PBXBuildFile; fileRef = C503A0D41EBCBD020068952E /* ReachabilityStatus.swift */; };
		C503A0E21EC1DF0F0068952E /* Float+price.swift in Sources */ = {isa = PBXBuildFile; fileRef = C503A0D71EBCBE6F0068952E /* Float+price.swift */; };
		C503A0E31EC1DF1F0068952E /* DownloadManager.swift in Sources */ = {isa = PBXBuildFile; fileRef = C53F9E331E5EC2EC00433AC4 /* DownloadManager.swift */; };
		C503A0E71EC1E34C0068952E /* product-grid-response.json in Resources */ = {isa = PBXBuildFile; fileRef = C503A0E41EC1E34C0068952E /* product-grid-response.json */; };
		C503A0E81EC1E34C0068952E /* product.json in Resources */ = {isa = PBXBuildFile; fileRef = C503A0E51EC1E34C0068952E /* product.json */; };
		C503A0E91EC1E34C0068952E /* ProductTests.swift in Sources */ = {isa = PBXBuildFile; fileRef = C503A0E61EC1E34C0068952E /* ProductTests.swift */; };
		C503A0EB1EC1E39C0068952E /* JSONIntegrationTest.swift in Sources */ = {isa = PBXBuildFile; fileRef = C503A0EA1EC1E39C0068952E /* JSONIntegrationTest.swift */; };
		C503A0ED1EC1E7780068952E /* single-product.json in Resources */ = {isa = PBXBuildFile; fileRef = C503A0EC1EC1E7780068952E /* single-product.json */; };
		C503A0EF1EC209420068952E /* ProductGridDataSourceTests.swift in Sources */ = {isa = PBXBuildFile; fileRef = C503A0EE1EC209420068952E /* ProductGridDataSourceTests.swift */; };
		C503A0F11EC20BFB0068952E /* ProductCollectionViewCellFake.swift in Sources */ = {isa = PBXBuildFile; fileRef = C503A0F01EC20BFB0068952E /* ProductCollectionViewCellFake.swift */; };
		C503A0F21EC210EA0068952E /* GlobalConstants.swift in Sources */ = {isa = PBXBuildFile; fileRef = C53F9E301E5EC21500433AC4 /* GlobalConstants.swift */; };
		C53F9E101E5EC15E00433AC4 /* AppDelegate.swift in Sources */ = {isa = PBXBuildFile; fileRef = C53F9E0F1E5EC15E00433AC4 /* AppDelegate.swift */; };
		C53F9E121E5EC15E00433AC4 /* ProductGridViewController.swift in Sources */ = {isa = PBXBuildFile; fileRef = C53F9E111E5EC15E00433AC4 /* ProductGridViewController.swift */; };
		C53F9E151E5EC15E00433AC4 /* Main.storyboard in Resources */ = {isa = PBXBuildFile; fileRef = C53F9E131E5EC15E00433AC4 /* Main.storyboard */; };
		C53F9E171E5EC15E00433AC4 /* Assets.xcassets in Resources */ = {isa = PBXBuildFile; fileRef = C53F9E161E5EC15E00433AC4 /* Assets.xcassets */; };
		C53F9E1A1E5EC15E00433AC4 /* LaunchScreen.storyboard in Resources */ = {isa = PBXBuildFile; fileRef = C53F9E181E5EC15E00433AC4 /* LaunchScreen.storyboard */; };
		C53F9E251E5EC15E00433AC4 /* DishwasherSearchDownloadManagerTests.swift in Sources */ = {isa = PBXBuildFile; fileRef = C53F9E241E5EC15E00433AC4 /* DishwasherSearchDownloadManagerTests.swift */; };
		C53F9E311E5EC21500433AC4 /* GlobalConstants.swift in Sources */ = {isa = PBXBuildFile; fileRef = C53F9E301E5EC21500433AC4 /* GlobalConstants.swift */; };
		C53F9E341E5EC2EC00433AC4 /* DownloadManager.swift in Sources */ = {isa = PBXBuildFile; fileRef = C53F9E331E5EC2EC00433AC4 /* DownloadManager.swift */; };
		C53F9E371E5EC55200433AC4 /* Product.swift in Sources */ = {isa = PBXBuildFile; fileRef = C53F9E361E5EC55200433AC4 /* Product.swift */; };
		C53F9E3A1E5EC75800433AC4 /* ProductGridCollectionViewCell.swift in Sources */ = {isa = PBXBuildFile; fileRef = C53F9E391E5EC75800433AC4 /* ProductGridCollectionViewCell.swift */; };
		C53F9E3C1E5ECC5F00433AC4 /* StoryboardTests.swift in Sources */ = {isa = PBXBuildFile; fileRef = C53F9E3B1E5ECC5F00433AC4 /* StoryboardTests.swift */; };
		C53F9E3D1E5ECD7300433AC4 /* ProductGridViewController.swift in Sources */ = {isa = PBXBuildFile; fileRef = C53F9E111E5EC15E00433AC4 /* ProductGridViewController.swift */; };
		F21DA979B1AAC562CB09CF32 /* Pods_DishwasherSearch.framework in Frameworks */ = {isa = PBXBuildFile; fileRef = 9953D48E96058206E1A2328C /* Pods_DishwasherSearch.framework */; };
/* End PBXBuildFile section */

/* Begin PBXContainerItemProxy section */
		C53F9E211E5EC15E00433AC4 /* PBXContainerItemProxy */ = {
			isa = PBXContainerItemProxy;
			containerPortal = C53F9E041E5EC15E00433AC4 /* Project object */;
			proxyType = 1;
			remoteGlobalIDString = C53F9E0B1E5EC15E00433AC4;
			remoteInfo = DishwasherSearch;
		};
/* End PBXContainerItemProxy section */

/* Begin PBXFileReference section */
		6CEBB8BC9E191F5028589273 /* Pods_DishwasherSearchTests.framework */ = {isa = PBXFileReference; explicitFileType = wrapper.framework; includeInIndex = 0; path = Pods_DishwasherSearchTests.framework; sourceTree = BUILT_PRODUCTS_DIR; };
		6E61FEA40C46452F7FCF0F31 /* Pods-DishwasherSearchTests.release.xcconfig */ = {isa = PBXFileReference; includeInIndex = 1; lastKnownFileType = text.xcconfig; name = "Pods-DishwasherSearchTests.release.xcconfig"; path = "Pods/Target Support Files/Pods-DishwasherSearchTests/Pods-DishwasherSearchTests.release.xcconfig"; sourceTree = "<group>"; };
		71B9BB25A7FF08A87B74EC86 /* Pods-DishwasherSearch.release.xcconfig */ = {isa = PBXFileReference; includeInIndex = 1; lastKnownFileType = text.xcconfig; name = "Pods-DishwasherSearch.release.xcconfig"; path = "Pods/Target Support Files/Pods-DishwasherSearch/Pods-DishwasherSearch.release.xcconfig"; sourceTree = "<group>"; };
		9953D48E96058206E1A2328C /* Pods_DishwasherSearch.framework */ = {isa = PBXFileReference; explicitFileType = wrapper.framework; includeInIndex = 0; path = Pods_DishwasherSearch.framework; sourceTree = BUILT_PRODUCTS_DIR; };
		C503A0D41EBCBD020068952E /* ReachabilityStatus.swift */ = {isa = PBXFileReference; fileEncoding = 4; lastKnownFileType = sourcecode.swift; path = ReachabilityStatus.swift; sourceTree = "<group>"; };
		C503A0D71EBCBE6F0068952E /* Float+price.swift */ = {isa = PBXFileReference; fileEncoding = 4; lastKnownFileType = sourcecode.swift; path = "Float+price.swift"; sourceTree = "<group>"; };
		C503A0D91EBCD10C0068952E /* ProductGridDataSource.swift */ = {isa = PBXFileReference; fileEncoding = 4; lastKnownFileType = sourcecode.swift; path = ProductGridDataSource.swift; sourceTree = "<group>"; };
		C503A0DB1EC1DD470068952E /* ProductHandler.swift */ = {isa = PBXFileReference; fileEncoding = 4; lastKnownFileType = sourcecode.swift; path = ProductHandler.swift; sourceTree = "<group>"; };
		C503A0E41EC1E34C0068952E /* product-grid-response.json */ = {isa = PBXFileReference; fileEncoding = 4; lastKnownFileType = text.json; path = "product-grid-response.json"; sourceTree = "<group>"; };
		C503A0E51EC1E34C0068952E /* product.json */ = {isa = PBXFileReference; fileEncoding = 4; lastKnownFileType = text.json; path = product.json; sourceTree = "<group>"; };
		C503A0E61EC1E34C0068952E /* ProductTests.swift */ = {isa = PBXFileReference; fileEncoding = 4; lastKnownFileType = sourcecode.swift; path = ProductTests.swift; sourceTree = "<group>"; };
		C503A0EA1EC1E39C0068952E /* JSONIntegrationTest.swift */ = {isa = PBXFileReference; fileEncoding = 4; lastKnownFileType = sourcecode.swift; path = JSONIntegrationTest.swift; sourceTree = "<group>"; };
		C503A0EC1EC1E7780068952E /* single-product.json */ = {isa = PBXFileReference; fileEncoding = 4; lastKnownFileType = text.json; path = "single-product.json"; sourceTree = "<group>"; };
		C503A0EE1EC209420068952E /* ProductGridDataSourceTests.swift */ = {isa = PBXFileReference; fileEncoding = 4; lastKnownFileType = sourcecode.swift; path = ProductGridDataSourceTests.swift; sourceTree = "<group>"; };
		C503A0F01EC20BFB0068952E /* ProductCollectionViewCellFake.swift */ = {isa = PBXFileReference; fileEncoding = 4; lastKnownFileType = sourcecode.swift; path = ProductCollectionViewCellFake.swift; sourceTree = "<group>"; };
		C53F9E0C1E5EC15E00433AC4 /* DishwasherSearch.app */ = {isa = PBXFileReference; explicitFileType = wrapper.application; includeInIndex = 0; path = DishwasherSearch.app; sourceTree = BUILT_PRODUCTS_DIR; };
		C53F9E0F1E5EC15E00433AC4 /* AppDelegate.swift */ = {isa = PBXFileReference; lastKnownFileType = sourcecode.swift; path = AppDelegate.swift; sourceTree = "<group>"; };
		C53F9E111E5EC15E00433AC4 /* ProductGridViewController.swift */ = {isa = PBXFileReference; lastKnownFileType = sourcecode.swift; path = ProductGridViewController.swift; sourceTree = "<group>"; };
		C53F9E141E5EC15E00433AC4 /* Base */ = {isa = PBXFileReference; lastKnownFileType = file.storyboard; name = Base; path = Base.lproj/Main.storyboard; sourceTree = "<group>"; };
		C53F9E161E5EC15E00433AC4 /* Assets.xcassets */ = {isa = PBXFileReference; lastKnownFileType = folder.assetcatalog; path = Assets.xcassets; sourceTree = "<group>"; };
		C53F9E191E5EC15E00433AC4 /* Base */ = {isa = PBXFileReference; lastKnownFileType = file.storyboard; name = Base; path = Base.lproj/LaunchScreen.storyboard; sourceTree = "<group>"; };
		C53F9E1B1E5EC15E00433AC4 /* Info.plist */ = {isa = PBXFileReference; lastKnownFileType = text.plist.xml; path = Info.plist; sourceTree = "<group>"; };
		C53F9E201E5EC15E00433AC4 /* DishwasherSearchTests.xctest */ = {isa = PBXFileReference; explicitFileType = wrapper.cfbundle; includeInIndex = 0; path = DishwasherSearchTests.xctest; sourceTree = BUILT_PRODUCTS_DIR; };
		C53F9E241E5EC15E00433AC4 /* DishwasherSearchDownloadManagerTests.swift */ = {isa = PBXFileReference; lastKnownFileType = sourcecode.swift; path = DishwasherSearchDownloadManagerTests.swift; sourceTree = "<group>"; };
		C53F9E261E5EC15E00433AC4 /* Info.plist */ = {isa = PBXFileReference; lastKnownFileType = text.plist.xml; path = Info.plist; sourceTree = "<group>"; };
		C53F9E301E5EC21500433AC4 /* GlobalConstants.swift */ = {isa = PBXFileReference; fileEncoding = 4; lastKnownFileType = sourcecode.swift; path = GlobalConstants.swift; sourceTree = "<group>"; };
		C53F9E331E5EC2EC00433AC4 /* DownloadManager.swift */ = {isa = PBXFileReference; fileEncoding = 4; lastKnownFileType = sourcecode.swift; path = DownloadManager.swift; sourceTree = "<group>"; };
		C53F9E361E5EC55200433AC4 /* Product.swift */ = {isa = PBXFileReference; fileEncoding = 4; lastKnownFileType = sourcecode.swift; path = Product.swift; sourceTree = "<group>"; };
		C53F9E391E5EC75800433AC4 /* ProductGridCollectionViewCell.swift */ = {isa = PBXFileReference; fileEncoding = 4; lastKnownFileType = sourcecode.swift; path = ProductGridCollectionViewCell.swift; sourceTree = "<group>"; };
		C53F9E3B1E5ECC5F00433AC4 /* StoryboardTests.swift */ = {isa = PBXFileReference; fileEncoding = 4; lastKnownFileType = sourcecode.swift; path = StoryboardTests.swift; sourceTree = "<group>"; };
		C5F68C483EF257BA67823905 /* Pods-DishwasherSearch.debug.xcconfig */ = {isa = PBXFileReference; includeInIndex = 1; lastKnownFileType = text.xcconfig; name = "Pods-DishwasherSearch.debug.xcconfig"; path = "Pods/Target Support Files/Pods-DishwasherSearch/Pods-DishwasherSearch.debug.xcconfig"; sourceTree = "<group>"; };
		F5C023268558C4EA13B585E9 /* Pods-DishwasherSearchTests.debug.xcconfig */ = {isa = PBXFileReference; includeInIndex = 1; lastKnownFileType = text.xcconfig; name = "Pods-DishwasherSearchTests.debug.xcconfig"; path = "Pods/Target Support Files/Pods-DishwasherSearchTests/Pods-DishwasherSearchTests.debug.xcconfig"; sourceTree = "<group>"; };
/* End PBXFileReference section */

/* Begin PBXFrameworksBuildPhase section */
		C53F9E091E5EC15E00433AC4 /* Frameworks */ = {
			isa = PBXFrameworksBuildPhase;
			buildActionMask = 2147483647;
			files = (
				F21DA979B1AAC562CB09CF32 /* Pods_DishwasherSearch.framework in Frameworks */,
			);
			runOnlyForDeploymentPostprocessing = 0;
		};
		C53F9E1D1E5EC15E00433AC4 /* Frameworks */ = {
			isa = PBXFrameworksBuildPhase;
			buildActionMask = 2147483647;
			files = (
				423FCE7798AC68E4B954C4A8 /* Pods_DishwasherSearchTests.framework in Frameworks */,
			);
			runOnlyForDeploymentPostprocessing = 0;
		};
/* End PBXFrameworksBuildPhase section */

/* Begin PBXGroup section */
		84B6A19222CAA055B6BB7C71 /* Frameworks */ = {
			isa = PBXGroup;
			children = (
				9953D48E96058206E1A2328C /* Pods_DishwasherSearch.framework */,
				6CEBB8BC9E191F5028589273 /* Pods_DishwasherSearchTests.framework */,
			);
			name = Frameworks;
			sourceTree = "<group>";
		};
		BAF2C55F3CF4249ECAED4B99 /* Pods */ = {
			isa = PBXGroup;
			children = (
				C5F68C483EF257BA67823905 /* Pods-DishwasherSearch.debug.xcconfig */,
				71B9BB25A7FF08A87B74EC86 /* Pods-DishwasherSearch.release.xcconfig */,
				F5C023268558C4EA13B585E9 /* Pods-DishwasherSearchTests.debug.xcconfig */,
				6E61FEA40C46452F7FCF0F31 /* Pods-DishwasherSearchTests.release.xcconfig */,
			);
			name = Pods;
			sourceTree = "<group>";
		};
		C503A0D61EBCBE490068952E /* Utility */ = {
			isa = PBXGroup;
			children = (
				C503A0D71EBCBE6F0068952E /* Float+price.swift */,
			);
			name = Utility;
			sourceTree = "<group>";
		};
		C53F9E031E5EC15E00433AC4 = {
			isa = PBXGroup;
			children = (
				C53F9E0E1E5EC15E00433AC4 /* DishwasherSearch */,
				C53F9E231E5EC15E00433AC4 /* DishwasherSearchTests */,
				C53F9E0D1E5EC15E00433AC4 /* Products */,
				BAF2C55F3CF4249ECAED4B99 /* Pods */,
				84B6A19222CAA055B6BB7C71 /* Frameworks */,
			);
			sourceTree = "<group>";
		};
		C53F9E0D1E5EC15E00433AC4 /* Products */ = {
			isa = PBXGroup;
			children = (
				C53F9E0C1E5EC15E00433AC4 /* DishwasherSearch.app */,
				C53F9E201E5EC15E00433AC4 /* DishwasherSearchTests.xctest */,
			);
			name = Products;
			sourceTree = "<group>";
		};
		C53F9E0E1E5EC15E00433AC4 /* DishwasherSearch */ = {
			isa = PBXGroup;
			children = (
				C503A0D61EBCBE490068952E /* Utility */,
				C53F9E381E5EC68F00433AC4 /* ViewControllers */,
				C53F9E351E5EC53900433AC4 /* Model */,
				C53F9E321E5EC28000433AC4 /* Services */,
				C53F9E2F1E5EC1E200433AC4 /* Global Constant */,
				C53F9E0F1E5EC15E00433AC4 /* AppDelegate.swift */,
				C53F9E131E5EC15E00433AC4 /* Main.storyboard */,
				C53F9E161E5EC15E00433AC4 /* Assets.xcassets */,
				C53F9E181E5EC15E00433AC4 /* LaunchScreen.storyboard */,
				C53F9E1B1E5EC15E00433AC4 /* Info.plist */,
			);
			path = DishwasherSearch;
			sourceTree = "<group>";
		};
		C53F9E231E5EC15E00433AC4 /* DishwasherSearchTests */ = {
			isa = PBXGroup;
			children = (
				C53F9E261E5EC15E00433AC4 /* Info.plist */,
				C503A0E51EC1E34C0068952E /* product.json */,
				C503A0EC1EC1E7780068952E /* single-product.json */,
				C503A0E41EC1E34C0068952E /* product-grid-response.json */,
				C503A0E61EC1E34C0068952E /* ProductTests.swift */,
				C503A0EA1EC1E39C0068952E /* JSONIntegrationTest.swift */,
				C53F9E241E5EC15E00433AC4 /* DishwasherSearchDownloadManagerTests.swift */,
				C53F9E3B1E5ECC5F00433AC4 /* StoryboardTests.swift */,
				C503A0EE1EC209420068952E /* ProductGridDataSourceTests.swift */,
				C503A0F01EC20BFB0068952E /* ProductCollectionViewCellFake.swift */,
			);
			path = DishwasherSearchTests;
			sourceTree = "<group>";
		};
		C53F9E2F1E5EC1E200433AC4 /* Global Constant */ = {
			isa = PBXGroup;
			children = (
				C53F9E301E5EC21500433AC4 /* GlobalConstants.swift */,
			);
			name = "Global Constant";
			sourceTree = "<group>";
		};
		C53F9E321E5EC28000433AC4 /* Services */ = {
			isa = PBXGroup;
			children = (
				C53F9E331E5EC2EC00433AC4 /* DownloadManager.swift */,
				C503A0D41EBCBD020068952E /* ReachabilityStatus.swift */,
			);
			name = Services;
			sourceTree = "<group>";
		};
		C53F9E351E5EC53900433AC4 /* Model */ = {
			isa = PBXGroup;
			children = (
				C53F9E361E5EC55200433AC4 /* Product.swift */,
				C503A0DB1EC1DD470068952E /* ProductHandler.swift */,
			);
			name = Model;
			sourceTree = "<group>";
		};
		C53F9E381E5EC68F00433AC4 /* ViewControllers */ = {
			isa = PBXGroup;
			children = (
				C53F9E111E5EC15E00433AC4 /* ProductGridViewController.swift */,
				C53F9E391E5EC75800433AC4 /* ProductGridCollectionViewCell.swift */,
				C503A0D91EBCD10C0068952E /* ProductGridDataSource.swift */,
			);
			name = ViewControllers;
			sourceTree = "<group>";
		};
/* End PBXGroup section */

/* Begin PBXNativeTarget section */
		C53F9E0B1E5EC15E00433AC4 /* DishwasherSearch */ = {
			isa = PBXNativeTarget;
			buildConfigurationList = C53F9E291E5EC15E00433AC4 /* Build configuration list for PBXNativeTarget "DishwasherSearch" */;
			buildPhases = (
				C9A03BAB93415504A0197B78 /* [CP] Check Pods Manifest.lock */,
				C53F9E081E5EC15E00433AC4 /* Sources */,
				C53F9E091E5EC15E00433AC4 /* Frameworks */,
				C53F9E0A1E5EC15E00433AC4 /* Resources */,
				FE35E09A8F5EB6FA42CD5DCF /* [CP] Embed Pods Frameworks */,
				20B5F97664C531A62A1D32CA /* [CP] Copy Pods Resources */,
			);
			buildRules = (
			);
			dependencies = (
			);
			name = DishwasherSearch;
			productName = DishwasherSearch;
			productReference = C53F9E0C1E5EC15E00433AC4 /* DishwasherSearch.app */;
			productType = "com.apple.product-type.application";
		};
		C53F9E1F1E5EC15E00433AC4 /* DishwasherSearchTests */ = {
			isa = PBXNativeTarget;
			buildConfigurationList = C53F9E2C1E5EC15E00433AC4 /* Build configuration list for PBXNativeTarget "DishwasherSearchTests" */;
			buildPhases = (
				EAF0DD11EBE0F7E5B3C0BBCA /* [CP] Check Pods Manifest.lock */,
				C53F9E1C1E5EC15E00433AC4 /* Sources */,
				C53F9E1D1E5EC15E00433AC4 /* Frameworks */,
				C53F9E1E1E5EC15E00433AC4 /* Resources */,
				AE73E804FB328F6681A88865 /* [CP] Embed Pods Frameworks */,
				AC9BFDDAD80D4DE6E07A0CEF /* [CP] Copy Pods Resources */,
			);
			buildRules = (
			);
			dependencies = (
				C53F9E221E5EC15E00433AC4 /* PBXTargetDependency */,
			);
			name = DishwasherSearchTests;
			productName = DishwasherSearchTests;
			productReference = C53F9E201E5EC15E00433AC4 /* DishwasherSearchTests.xctest */;
			productType = "com.apple.product-type.bundle.unit-test";
		};
/* End PBXNativeTarget section */

/* Begin PBXProject section */
		C53F9E041E5EC15E00433AC4 /* Project object */ = {
			isa = PBXProject;
			attributes = {
				LastSwiftUpdateCheck = 0810;
				LastUpgradeCheck = 0810;
				ORGANIZATIONNAME = "Suman Chatterjee";
				TargetAttributes = {
					C53F9E0B1E5EC15E00433AC4 = {
						CreatedOnToolsVersion = 8.1;
						ProvisioningStyle = Automatic;
					};
					C53F9E1F1E5EC15E00433AC4 = {
						CreatedOnToolsVersion = 8.1;
						ProvisioningStyle = Automatic;
						TestTargetID = C53F9E0B1E5EC15E00433AC4;
					};
				};
			};
			buildConfigurationList = C53F9E071E5EC15E00433AC4 /* Build configuration list for PBXProject "DishwasherSearch" */;
			compatibilityVersion = "Xcode 3.2";
			developmentRegion = English;
			hasScannedForEncodings = 0;
			knownRegions = (
				en,
				Base,
			);
			mainGroup = C53F9E031E5EC15E00433AC4;
			productRefGroup = C53F9E0D1E5EC15E00433AC4 /* Products */;
			projectDirPath = "";
			projectRoot = "";
			targets = (
				C53F9E0B1E5EC15E00433AC4 /* DishwasherSearch */,
				C53F9E1F1E5EC15E00433AC4 /* DishwasherSearchTests */,
			);
		};
/* End PBXProject section */

/* Begin PBXResourcesBuildPhase section */
		C53F9E0A1E5EC15E00433AC4 /* Resources */ = {
			isa = PBXResourcesBuildPhase;
			buildActionMask = 2147483647;
			files = (
				C53F9E1A1E5EC15E00433AC4 /* LaunchScreen.storyboard in Resources */,
				C53F9E171E5EC15E00433AC4 /* Assets.xcassets in Resources */,
				C53F9E151E5EC15E00433AC4 /* Main.storyboard in Resources */,
			);
			runOnlyForDeploymentPostprocessing = 0;
		};
		C53F9E1E1E5EC15E00433AC4 /* Resources */ = {
			isa = PBXResourcesBuildPhase;
			buildActionMask = 2147483647;
			files = (
				C503A0ED1EC1E7780068952E /* single-product.json in Resources */,
				C503A0E71EC1E34C0068952E /* product-grid-response.json in Resources */,
				C503A0E81EC1E34C0068952E /* product.json in Resources */,
			);
			runOnlyForDeploymentPostprocessing = 0;
		};
/* End PBXResourcesBuildPhase section */

/* Begin PBXShellScriptBuildPhase section */
		20B5F97664C531A62A1D32CA /* [CP] Copy Pods Resources */ = {
			isa = PBXShellScriptBuildPhase;
			buildActionMask = 2147483647;
			files = (
			);
			inputPaths = (
			);
			name = "[CP] Copy Pods Resources";
			outputPaths = (
			);
			runOnlyForDeploymentPostprocessing = 0;
			shellPath = /bin/sh;
			shellScript = "\"${SRCROOT}/Pods/Target Support Files/Pods-DishwasherSearch/Pods-DishwasherSearch-resources.sh\"\n";
			showEnvVarsInLog = 0;
		};
		AC9BFDDAD80D4DE6E07A0CEF /* [CP] Copy Pods Resources */ = {
			isa = PBXShellScriptBuildPhase;
			buildActionMask = 2147483647;
			files = (
			);
			inputPaths = (
			);
			name = "[CP] Copy Pods Resources";
			outputPaths = (
			);
			runOnlyForDeploymentPostprocessing = 0;
			shellPath = /bin/sh;
			shellScript = "\"${SRCROOT}/Pods/Target Support Files/Pods-DishwasherSearchTests/Pods-DishwasherSearchTests-resources.sh\"\n";
			showEnvVarsInLog = 0;
		};
		AE73E804FB328F6681A88865 /* [CP] Embed Pods Frameworks */ = {
			isa = PBXShellScriptBuildPhase;
			buildActionMask = 2147483647;
			files = (
			);
			inputPaths = (
			);
			name = "[CP] Embed Pods Frameworks";
			outputPaths = (
			);
			runOnlyForDeploymentPostprocessing = 0;
			shellPath = /bin/sh;
			shellScript = "\"${SRCROOT}/Pods/Target Support Files/Pods-DishwasherSearchTests/Pods-DishwasherSearchTests-frameworks.sh\"\n";
			showEnvVarsInLog = 0;
		};
		C9A03BAB93415504A0197B78 /* [CP] Check Pods Manifest.lock */ = {
			isa = PBXShellScriptBuildPhase;
			buildActionMask = 2147483647;
			files = (
			);
			inputPaths = (
			);
			name = "[CP] Check Pods Manifest.lock";
			outputPaths = (
			);
			runOnlyForDeploymentPostprocessing = 0;
			shellPath = /bin/sh;
			shellScript = "diff \"${PODS_ROOT}/../Podfile.lock\" \"${PODS_ROOT}/Manifest.lock\" > /dev/null\nif [ $? != 0 ] ; then\n    # print error to STDERR\n    echo \"error: The sandbox is not in sync with the Podfile.lock. Run 'pod install' or update your CocoaPods installation.\" >&2\n    exit 1\nfi\n";
			showEnvVarsInLog = 0;
		};
		EAF0DD11EBE0F7E5B3C0BBCA /* [CP] Check Pods Manifest.lock */ = {
			isa = PBXShellScriptBuildPhase;
			buildActionMask = 2147483647;
			files = (
			);
			inputPaths = (
			);
			name = "[CP] Check Pods Manifest.lock";
			outputPaths = (
			);
			runOnlyForDeploymentPostprocessing = 0;
			shellPath = /bin/sh;
			shellScript = "diff \"${PODS_ROOT}/../Podfile.lock\" \"${PODS_ROOT}/Manifest.lock\" > /dev/null\nif [ $? != 0 ] ; then\n    # print error to STDERR\n    echo \"error: The sandbox is not in sync with the Podfile.lock. Run 'pod install' or update your CocoaPods installation.\" >&2\n    exit 1\nfi\n";
			showEnvVarsInLog = 0;
		};
		FE35E09A8F5EB6FA42CD5DCF /* [CP] Embed Pods Frameworks */ = {
			isa = PBXShellScriptBuildPhase;
			buildActionMask = 2147483647;
			files = (
			);
			inputPaths = (
			);
			name = "[CP] Embed Pods Frameworks";
			outputPaths = (
			);
			runOnlyForDeploymentPostprocessing = 0;
			shellPath = /bin/sh;
			shellScript = "\"${SRCROOT}/Pods/Target Support Files/Pods-DishwasherSearch/Pods-DishwasherSearch-frameworks.sh\"\n";
			showEnvVarsInLog = 0;
		};
/* End PBXShellScriptBuildPhase section */

/* Begin PBXSourcesBuildPhase section */
		C53F9E081E5EC15E00433AC4 /* Sources */ = {
			isa = PBXSourcesBuildPhase;
			buildActionMask = 2147483647;
			files = (
				C503A0D81EBCBE6F0068952E /* Float+price.swift in Sources */,
				C503A0D51EBCBD020068952E /* ReachabilityStatus.swift in Sources */,
				C53F9E121E5EC15E00433AC4 /* ProductGridViewController.swift in Sources */,
				C53F9E311E5EC21500433AC4 /* GlobalConstants.swift in Sources */,
				C53F9E3A1E5EC75800433AC4 /* ProductGridCollectionViewCell.swift in Sources */,
				C53F9E371E5EC55200433AC4 /* Product.swift in Sources */,
				C503A0DC1EC1DD470068952E /* ProductHandler.swift in Sources */,
				C53F9E101E5EC15E00433AC4 /* AppDelegate.swift in Sources */,
				C503A0DA1EBCD10C0068952E /* ProductGridDataSource.swift in Sources */,
				C53F9E341E5EC2EC00433AC4 /* DownloadManager.swift in Sources */,
			);
			runOnlyForDeploymentPostprocessing = 0;
		};
		C53F9E1C1E5EC15E00433AC4 /* Sources */ = {
			isa = PBXSourcesBuildPhase;
			buildActionMask = 2147483647;
			files = (
				C503A0E21EC1DF0F0068952E /* Float+price.swift in Sources */,
				C503A0E31EC1DF1F0068952E /* DownloadManager.swift in Sources */,
				C503A0E11EC1DEF90068952E /* ReachabilityStatus.swift in Sources */,
				C503A0E01EC1DEE30068952E /* ProductGridCollectionViewCell.swift in Sources */,
				C503A0E91EC1E34C0068952E /* ProductTests.swift in Sources */,
				C503A0F11EC20BFB0068952E /* ProductCollectionViewCellFake.swift in Sources */,
				C503A0DD1EC1DE520068952E /* ProductGridDataSource.swift in Sources */,
				C503A0F21EC210EA0068952E /* GlobalConstants.swift in Sources */,
				C53F9E3C1E5ECC5F00433AC4 /* StoryboardTests.swift in Sources */,
				C503A0DF1EC1DE5F0068952E /* ProductHandler.swift in Sources */,
				C503A0EF1EC209420068952E /* ProductGridDataSourceTests.swift in Sources */,
				C503A0DE1EC1DE5D0068952E /* Product.swift in Sources */,
				C53F9E3D1E5ECD7300433AC4 /* ProductGridViewController.swift in Sources */,
				C503A0EB1EC1E39C0068952E /* JSONIntegrationTest.swift in Sources */,
				C53F9E251E5EC15E00433AC4 /* DishwasherSearchDownloadManagerTests.swift in Sources */,
			);
			runOnlyForDeploymentPostprocessing = 0;
		};
/* End PBXSourcesBuildPhase section */

/* Begin PBXTargetDependency section */
		C53F9E221E5EC15E00433AC4 /* PBXTargetDependency */ = {
			isa = PBXTargetDependency;
			target = C53F9E0B1E5EC15E00433AC4 /* DishwasherSearch */;
			targetProxy = C53F9E211E5EC15E00433AC4 /* PBXContainerItemProxy */;
		};
/* End PBXTargetDependency section */

/* Begin PBXVariantGroup section */
		C53F9E131E5EC15E00433AC4 /* Main.storyboard */ = {
			isa = PBXVariantGroup;
			children = (
				C53F9E141E5EC15E00433AC4 /* Base */,
			);
			name = Main.storyboard;
			sourceTree = "<group>";
		};
		C53F9E181E5EC15E00433AC4 /* LaunchScreen.storyboard */ = {
			isa = PBXVariantGroup;
			children = (
				C53F9E191E5EC15E00433AC4 /* Base */,
			);
			name = LaunchScreen.storyboard;
			sourceTree = "<group>";
		};
/* End PBXVariantGroup section */

/* Begin XCBuildConfiguration section */
		C53F9E271E5EC15E00433AC4 /* Debug */ = {
			isa = XCBuildConfiguration;
			buildSettings = {
				ALWAYS_SEARCH_USER_PATHS = NO;
				CLANG_ANALYZER_NONNULL = YES;
				CLANG_CXX_LANGUAGE_STANDARD = "gnu++0x";
				CLANG_CXX_LIBRARY = "libc++";
				CLANG_ENABLE_MODULES = YES;
				CLANG_ENABLE_OBJC_ARC = YES;
				CLANG_WARN_BOOL_CONVERSION = YES;
				CLANG_WARN_CONSTANT_CONVERSION = YES;
				CLANG_WARN_DIRECT_OBJC_ISA_USAGE = YES_ERROR;
				CLANG_WARN_DOCUMENTATION_COMMENTS = YES;
				CLANG_WARN_EMPTY_BODY = YES;
				CLANG_WARN_ENUM_CONVERSION = YES;
				CLANG_WARN_INFINITE_RECURSION = YES;
				CLANG_WARN_INT_CONVERSION = YES;
				CLANG_WARN_OBJC_ROOT_CLASS = YES_ERROR;
				CLANG_WARN_SUSPICIOUS_MOVES = YES;
				CLANG_WARN_UNREACHABLE_CODE = YES;
				CLANG_WARN__DUPLICATE_METHOD_MATCH = YES;
				"CODE_SIGN_IDENTITY[sdk=iphoneos*]" = "iPhone Developer";
				COPY_PHASE_STRIP = NO;
				DEBUG_INFORMATION_FORMAT = dwarf;
				ENABLE_STRICT_OBJC_MSGSEND = YES;
				ENABLE_TESTABILITY = YES;
				GCC_C_LANGUAGE_STANDARD = gnu99;
				GCC_DYNAMIC_NO_PIC = NO;
				GCC_NO_COMMON_BLOCKS = YES;
				GCC_OPTIMIZATION_LEVEL = 0;
				GCC_PREPROCESSOR_DEFINITIONS = (
					"DEBUG=1",
					"$(inherited)",
				);
				GCC_WARN_64_TO_32_BIT_CONVERSION = YES;
				GCC_WARN_ABOUT_RETURN_TYPE = YES_ERROR;
				GCC_WARN_UNDECLARED_SELECTOR = YES;
				GCC_WARN_UNINITIALIZED_AUTOS = YES_AGGRESSIVE;
				GCC_WARN_UNUSED_FUNCTION = YES;
				GCC_WARN_UNUSED_VARIABLE = YES;
				IPHONEOS_DEPLOYMENT_TARGET = 10.1;
				MTL_ENABLE_DEBUG_INFO = YES;
				ONLY_ACTIVE_ARCH = YES;
				SDKROOT = iphoneos;
				SWIFT_ACTIVE_COMPILATION_CONDITIONS = DEBUG;
				SWIFT_OPTIMIZATION_LEVEL = "-Onone";
				TARGETED_DEVICE_FAMILY = 2;
			};
			name = Debug;
		};
		C53F9E281E5EC15E00433AC4 /* Release */ = {
			isa = XCBuildConfiguration;
			buildSettings = {
				ALWAYS_SEARCH_USER_PATHS = NO;
				CLANG_ANALYZER_NONNULL = YES;
				CLANG_CXX_LANGUAGE_STANDARD = "gnu++0x";
				CLANG_CXX_LIBRARY = "libc++";
				CLANG_ENABLE_MODULES = YES;
				CLANG_ENABLE_OBJC_ARC = YES;
				CLANG_WARN_BOOL_CONVERSION = YES;
				CLANG_WARN_CONSTANT_CONVERSION = YES;
				CLANG_WARN_DIRECT_OBJC_ISA_USAGE = YES_ERROR;
				CLANG_WARN_DOCUMENTATION_COMMENTS = YES;
				CLANG_WARN_EMPTY_BODY = YES;
				CLANG_WARN_ENUM_CONVERSION = YES;
				CLANG_WARN_INFINITE_RECURSION = YES;
				CLANG_WARN_INT_CONVERSION = YES;
				CLANG_WARN_OBJC_ROOT_CLASS = YES_ERROR;
				CLANG_WARN_SUSPICIOUS_MOVES = YES;
				CLANG_WARN_UNREACHABLE_CODE = YES;
				CLANG_WARN__DUPLICATE_METHOD_MATCH = YES;
				"CODE_SIGN_IDENTITY[sdk=iphoneos*]" = "iPhone Developer";
				COPY_PHASE_STRIP = NO;
				DEBUG_INFORMATION_FORMAT = "dwarf-with-dsym";
				ENABLE_NS_ASSERTIONS = NO;
				ENABLE_STRICT_OBJC_MSGSEND = YES;
				GCC_C_LANGUAGE_STANDARD = gnu99;
				GCC_NO_COMMON_BLOCKS = YES;
				GCC_WARN_64_TO_32_BIT_CONVERSION = YES;
				GCC_WARN_ABOUT_RETURN_TYPE = YES_ERROR;
				GCC_WARN_UNDECLARED_SELECTOR = YES;
				GCC_WARN_UNINITIALIZED_AUTOS = YES_AGGRESSIVE;
				GCC_WARN_UNUSED_FUNCTION = YES;
				GCC_WARN_UNUSED_VARIABLE = YES;
				IPHONEOS_DEPLOYMENT_TARGET = 10.1;
				MTL_ENABLE_DEBUG_INFO = NO;
				SDKROOT = iphoneos;
				SWIFT_OPTIMIZATION_LEVEL = "-Owholemodule";
				TARGETED_DEVICE_FAMILY = 2;
				VALIDATE_PRODUCT = YES;
			};
			name = Release;
		};
		C53F9E2A1E5EC15E00433AC4 /* Debug */ = {
			isa = XCBuildConfiguration;
			baseConfigurationReference = C5F68C483EF257BA67823905 /* Pods-DishwasherSearch.debug.xcconfig */;
			buildSettings = {
				ASSETCATALOG_COMPILER_APPICON_NAME = AppIcon;
				INFOPLIST_FILE = DishwasherSearch/Info.plist;
				LD_RUNPATH_SEARCH_PATHS = "$(inherited) @executable_path/Frameworks";
				PRODUCT_BUNDLE_IDENTIFIER = dreamapps.DishwasherSearch;
				PRODUCT_NAME = "$(TARGET_NAME)";
				SWIFT_VERSION = 3.0;
			};
			name = Debug;
		};
		C53F9E2B1E5EC15E00433AC4 /* Release */ = {
			isa = XCBuildConfiguration;
			baseConfigurationReference = 71B9BB25A7FF08A87B74EC86 /* Pods-DishwasherSearch.release.xcconfig */;
			buildSettings = {
				ASSETCATALOG_COMPILER_APPICON_NAME = AppIcon;
				INFOPLIST_FILE = DishwasherSearch/Info.plist;
				LD_RUNPATH_SEARCH_PATHS = "$(inherited) @executable_path/Frameworks";
				PRODUCT_BUNDLE_IDENTIFIER = dreamapps.DishwasherSearch;
				PRODUCT_NAME = "$(TARGET_NAME)";
				SWIFT_VERSION = 3.0;
			};
			name = Release;
		};
		C53F9E2D1E5EC15E00433AC4 /* Debug */ = {
			isa = XCBuildConfiguration;
			baseConfigurationReference = F5C023268558C4EA13B585E9 /* Pods-DishwasherSearchTests.debug.xcconfig */;
			buildSettings = {
				ALWAYS_EMBED_SWIFT_STANDARD_LIBRARIES = YES;
				BUNDLE_LOADER = "$(TEST_HOST)";
				INFOPLIST_FILE = DishwasherSearchTests/Info.plist;
				LD_RUNPATH_SEARCH_PATHS = "$(inherited) @executable_path/Frameworks @loader_path/Frameworks";
				PRODUCT_BUNDLE_IDENTIFIER = dreamapps.DishwasherSearchTests;
				PRODUCT_NAME = "$(TARGET_NAME)";
				SWIFT_VERSION = 3.0;
				TEST_HOST = "$(BUILT_PRODUCTS_DIR)/DishwasherSearch.app/DishwasherSearch";
			};
			name = Debug;
		};
		C53F9E2E1E5EC15E00433AC4 /* Release */ = {
			isa = XCBuildConfiguration;
			baseConfigurationReference = 6E61FEA40C46452F7FCF0F31 /* Pods-DishwasherSearchTests.release.xcconfig */;
			buildSettings = {
				ALWAYS_EMBED_SWIFT_STANDARD_LIBRARIES = YES;
				BUNDLE_LOADER = "$(TEST_HOST)";
				INFOPLIST_FILE = DishwasherSearchTests/Info.plist;
				LD_RUNPATH_SEARCH_PATHS = "$(inherited) @executable_path/Frameworks @loader_path/Frameworks";
				PRODUCT_BUNDLE_IDENTIFIER = dreamapps.DishwasherSearchTests;
				PRODUCT_NAME = "$(TARGET_NAME)";
				SWIFT_VERSION = 3.0;
				TEST_HOST = "$(BUILT_PRODUCTS_DIR)/DishwasherSearch.app/DishwasherSearch";
			};
			name = Release;
		};
/* End XCBuildConfiguration section */

/* Begin XCConfigurationList section */
		C53F9E071E5EC15E00433AC4 /* Build configuration list for PBXProject "DishwasherSearch" */ = {
			isa = XCConfigurationList;
			buildConfigurations = (
				C53F9E271E5EC15E00433AC4 /* Debug */,
				C53F9E281E5EC15E00433AC4 /* Release */,
			);
			defaultConfigurationIsVisible = 0;
			defaultConfigurationName = Release;
		};
		C53F9E291E5EC15E00433AC4 /* Build configuration list for PBXNativeTarget "DishwasherSearch" */ = {
			isa = XCConfigurationList;
			buildConfigurations = (
				C53F9E2A1E5EC15E00433AC4 /* Debug */,
				C53F9E2B1E5EC15E00433AC4 /* Release */,
			);
			defaultConfigurationIsVisible = 0;
			defaultConfigurationName = Release;
		};
		C53F9E2C1E5EC15E00433AC4 /* Build configuration list for PBXNativeTarget "DishwasherSearchTests" */ = {
			isa = XCConfigurationList;
			buildConfigurations = (
				C53F9E2D1E5EC15E00433AC4 /* Debug */,
				C53F9E2E1E5EC15E00433AC4 /* Release */,
			);
			defaultConfigurationIsVisible = 0;
			defaultConfigurationName = Release;
		};
/* End XCConfigurationList section */
	};
	rootObject = C53F9E041E5EC15E00433AC4 /* Project object */;
}
